
Microsoft Visual Studio Solution File, Format Version 12.00
# Visual Studio Version 17
VisualStudioVersion = 17.3.32922.545
MinimumVisualStudioVersion = 10.0.40219.1
Project("{FAE04EC0-301F-11D3-BF4B-00C04F79EFBC}") = "ConsoleOAuP", "ConsoleOAuP\ConsoleOAuP.csproj", "{50C91609-6730-4B1C-B63F-7019C3A42133}"
EndProject
Global
	GlobalSection(SolutionConfigurationPlatforms) = preSolution
		Debug|Any CPU = Debug|Any CPU
		Release|Any CPU = Release|Any CPU
	EndGlobalSection
	GlobalSection(ProjectConfigurationPlatforms) = postSolution
		{50C91609-6730-4B1C-B63F-7019C3A42133}.Debug|Any CPU.ActiveCfg = Debug|Any CPU
		{50C91609-6730-4B1C-B63F-7019C3A42133}.Debug|Any CPU.Build.0 = Debug|Any CPU
		{50C91609-6730-4B1C-B63F-7019C3A42133}.Release|Any CPU.ActiveCfg = Release|Any CPU
		{50C91609-6730-4B1C-B63F-7019C3A42133}.Release|Any CPU.Build.0 = Release|Any CPU
	EndGlobalSection
	GlobalSection(SolutionProperties) = preSolution
		HideSolutionNode = FALSE
	EndGlobalSection
	GlobalSection(ExtensibilityGlobals) = postSolution
		SolutionGuid = {E4034955-A7A7-42DD-8E98-EA01EBDC03CA}
	EndGlobalSection
EndGlobal
